
Microsoft Visual Studio Solution File, Format Version 12.00
# Visual Studio Version 17
VisualStudioVersion = 17.5.002.0
MinimumVisualStudioVersion = 10.0.40219.1
Project("{9A19103F-16F7-4668-BE54-9A1E7A4F7556}") = "DesafioProjetoHospedagem", "DesafioProjetoHospedagem.csproj", "{ADE1C12F-5830-4342-A968-7A0C8002944E}"
EndProject
Global
	GlobalSection(SolutionConfigurationPlatforms) = preSolution
		Debug|Any CPU = Debug|Any CPU
		Release|Any CPU = Release|Any CPU
	EndGlobalSection
	GlobalSection(ProjectConfigurationPlatforms) = postSolution
		{ADE1C12F-5830-4342-A968-7A0C8002944E}.Debug|Any CPU.ActiveCfg = Debug|Any CPU
		{ADE1C12F-5830-4342-A968-7A0C8002944E}.Debug|Any CPU.Build.0 = Debug|Any CPU
		{ADE1C12F-5830-4342-A968-7A0C8002944E}.Release|Any CPU.ActiveCfg = Release|Any CPU
		{ADE1C12F-5830-4342-A968-7A0C8002944E}.Release|Any CPU.Build.0 = Release|Any CPU
	EndGlobalSection
	GlobalSection(SolutionProperties) = preSolution
		HideSolutionNode = FALSE
	EndGlobalSection
	GlobalSection(ExtensibilityGlobals) = postSolution
		SolutionGuid = {2D495DE2-DD84-42EB-975C-059D44E92437}
	EndGlobalSection
EndGlobal
